
Microsoft Visual Studio Solution File, Format Version 12.00
# Visual Studio 14
VisualStudioVersion = 14.0.25123.0
MinimumVisualStudioVersion = 10.0.40219.1
Project("{FAE04EC0-301F-11D3-BF4B-00C04F79EFBC}") = "Cruzeiro.LojaVirtual.Dominio", "Cruzeiro.LojaVirtual.Dominio\Cruzeiro.LojaVirtual.Dominio.csproj", "{760FD504-B5D1-4211-8A71-5370AD89561F}"
EndProject
Project("{FAE04EC0-301F-11D3-BF4B-00C04F79EFBC}") = "Cruzeiro.LojaVirtual.Web", "Cruzeiro.LojaVirtual.Web\Cruzeiro.LojaVirtual.Web.csproj", "{C041FCBC-7BBD-4173-B2A1-95AAE5FFA257}"
EndProject
Project("{FAE04EC0-301F-11D3-BF4B-00C04F79EFBC}") = "Cruzeiro.LojaVirtual.Test", "Cruzeiro.LojaVirtual.Test\Cruzeiro.LojaVirtual.Test.csproj", "{100EC62A-616B-43E0-8996-D85BD331C836}"
EndProject
Global
	GlobalSection(SolutionConfigurationPlatforms) = preSolution
		Debug|Any CPU = Debug|Any CPU
		Release|Any CPU = Release|Any CPU
	EndGlobalSection
	GlobalSection(ProjectConfigurationPlatforms) = postSolution
		{760FD504-B5D1-4211-8A71-5370AD89561F}.Debug|Any CPU.ActiveCfg = Debug|Any CPU
		{760FD504-B5D1-4211-8A71-5370AD89561F}.Debug|Any CPU.Build.0 = Debug|Any CPU
		{760FD504-B5D1-4211-8A71-5370AD89561F}.Release|Any CPU.ActiveCfg = Release|Any CPU
		{760FD504-B5D1-4211-8A71-5370AD89561F}.Release|Any CPU.Build.0 = Release|Any CPU
		{C041FCBC-7BBD-4173-B2A1-95AAE5FFA257}.Debug|Any CPU.ActiveCfg = Debug|Any CPU
		{C041FCBC-7BBD-4173-B2A1-95AAE5FFA257}.Debug|Any CPU.Build.0 = Debug|Any CPU
		{C041FCBC-7BBD-4173-B2A1-95AAE5FFA257}.Release|Any CPU.ActiveCfg = Release|Any CPU
		{C041FCBC-7BBD-4173-B2A1-95AAE5FFA257}.Release|Any CPU.Build.0 = Release|Any CPU
		{100EC62A-616B-43E0-8996-D85BD331C836}.Debug|Any CPU.ActiveCfg = Debug|Any CPU
		{100EC62A-616B-43E0-8996-D85BD331C836}.Debug|Any CPU.Build.0 = Debug|Any CPU
		{100EC62A-616B-43E0-8996-D85BD331C836}.Release|Any CPU.ActiveCfg = Release|Any CPU
		{100EC62A-616B-43E0-8996-D85BD331C836}.Release|Any CPU.Build.0 = Release|Any CPU
	EndGlobalSection
	GlobalSection(SolutionProperties) = preSolution
		HideSolutionNode = FALSE
	EndGlobalSection
EndGlobal
